# THIS IS AN AUTOGENERATED FILE. DO NOT EDIT THIS FILE DIRECTLY.
# yarn lockfile v1


"@rails/ujs@^7.0.4-1":
  version "7.0.4-1"
  resolved "https://registry.yarnpkg.com/@rails/ujs/-/ujs-7.0.4-1.tgz#1efc6fdf62bfe812d9ee65796b904b9680f9f0b4"
  integrity sha512-EIB/lHe9Jk5hTo5XG5KQznBCk0jEtb6dVaaUpOrk3mmsH68gavPSs3Sx6ovdBmyWdeoyh30kxOymPj5afPmcBg==
